
Microsoft Visual Studio Solution File, Format Version 12.00
# Visual Studio Version 16
VisualStudioVersion = 16.0.31624.102
MinimumVisualStudioVersion = 10.0.40219.1
Project("{FAE04EC0-301F-11D3-BF4B-00C04F79EFBC}") = "Hello World 3", "Hello World 3.csproj", "{8ED5FA10-BB52-418C-AF2B-1A1F7E9F6F4C}"
EndProject
Global
	GlobalSection(SolutionConfigurationPlatforms) = preSolution
		Debug|Any CPU = Debug|Any CPU
		Release|Any CPU = Release|Any CPU
	EndGlobalSection
	GlobalSection(ProjectConfigurationPlatforms) = postSolution
		{8ED5FA10-BB52-418C-AF2B-1A1F7E9F6F4C}.Debug|Any CPU.ActiveCfg = Debug|Any CPU
		{8ED5FA10-BB52-418C-AF2B-1A1F7E9F6F4C}.Debug|Any CPU.Build.0 = Debug|Any CPU
		{8ED5FA10-BB52-418C-AF2B-1A1F7E9F6F4C}.Release|Any CPU.ActiveCfg = Release|Any CPU
		{8ED5FA10-BB52-418C-AF2B-1A1F7E9F6F4C}.Release|Any CPU.Build.0 = Release|Any CPU
	EndGlobalSection
	GlobalSection(SolutionProperties) = preSolution
		HideSolutionNode = FALSE
	EndGlobalSection
	GlobalSection(ExtensibilityGlobals) = postSolution
		SolutionGuid = {18AD1350-0957-4D23-9EE0-94E8215E7477}
	EndGlobalSection
EndGlobal
